
Microsoft Visual Studio Solution File, Format Version 12.00
# Visual Studio Version 17
VisualStudioVersion = 17.2.32317.152
MinimumVisualStudioVersion = 10.0.40219.1
Project("{9A19103F-16F7-4668-BE54-9A1E7A4F7556}") = "HardwareID", "HardwareID\HardwareID.csproj", "{3339A4D1-8FF0-4A6E-BC93-AB6EF4C6ACB2}"
EndProject
Project("{9A19103F-16F7-4668-BE54-9A1E7A4F7556}") = "Testo", "Testo\Testo.csproj", "{74D7ED37-8C50-4759-97B7-30C9017060B2}"
EndProject
Global
	GlobalSection(SolutionConfigurationPlatforms) = preSolution
		Debug|Any CPU = Debug|Any CPU
		Release|Any CPU = Release|Any CPU
	EndGlobalSection
	GlobalSection(ProjectConfigurationPlatforms) = postSolution
		{3339A4D1-8FF0-4A6E-BC93-AB6EF4C6ACB2}.Debug|Any CPU.ActiveCfg = Debug|Any CPU
		{3339A4D1-8FF0-4A6E-BC93-AB6EF4C6ACB2}.Debug|Any CPU.Build.0 = Debug|Any CPU
		{3339A4D1-8FF0-4A6E-BC93-AB6EF4C6ACB2}.Release|Any CPU.ActiveCfg = Release|Any CPU
		{3339A4D1-8FF0-4A6E-BC93-AB6EF4C6ACB2}.Release|Any CPU.Build.0 = Release|Any CPU
		{74D7ED37-8C50-4759-97B7-30C9017060B2}.Debug|Any CPU.ActiveCfg = Debug|Any CPU
		{74D7ED37-8C50-4759-97B7-30C9017060B2}.Debug|Any CPU.Build.0 = Debug|Any CPU
		{74D7ED37-8C50-4759-97B7-30C9017060B2}.Release|Any CPU.ActiveCfg = Release|Any CPU
		{74D7ED37-8C50-4759-97B7-30C9017060B2}.Release|Any CPU.Build.0 = Release|Any CPU
	EndGlobalSection
	GlobalSection(SolutionProperties) = preSolution
		HideSolutionNode = FALSE
	EndGlobalSection
	GlobalSection(ExtensibilityGlobals) = postSolution
		SolutionGuid = {B691D049-733A-4A70-9088-5BB5424AEAF8}
	EndGlobalSection
EndGlobal
